
Microsoft Visual Studio Solution File, Format Version 12.00
# Visual Studio Version 17
VisualStudioVersion = 17.8.34525.116
MinimumVisualStudioVersion = 10.0.40219.1
Project("{9A19103F-16F7-4668-BE54-9A1E7A4F7556}") = "SKladisteAppl", "SKladisteAppl\SKladisteAppl.csproj", "{EF7DD8F5-6263-4A50-9FA6-97C77813C602}"
EndProject
Global
	GlobalSection(SolutionConfigurationPlatforms) = preSolution
		Debug|Any CPU = Debug|Any CPU
		Release|Any CPU = Release|Any CPU
	EndGlobalSection
	GlobalSection(ProjectConfigurationPlatforms) = postSolution
		{EF7DD8F5-6263-4A50-9FA6-97C77813C602}.Debug|Any CPU.ActiveCfg = Debug|Any CPU
		{EF7DD8F5-6263-4A50-9FA6-97C77813C602}.Debug|Any CPU.Build.0 = Debug|Any CPU
		{EF7DD8F5-6263-4A50-9FA6-97C77813C602}.Release|Any CPU.ActiveCfg = Release|Any CPU
		{EF7DD8F5-6263-4A50-9FA6-97C77813C602}.Release|Any CPU.Build.0 = Release|Any CPU
	EndGlobalSection
	GlobalSection(SolutionProperties) = preSolution
		HideSolutionNode = FALSE
	EndGlobalSection
	GlobalSection(ExtensibilityGlobals) = postSolution
		SolutionGuid = {A03E7731-2B11-4281-ABDC-7B7FA665EFDD}
	EndGlobalSection
EndGlobal
