
Microsoft Visual Studio Solution File, Format Version 12.00
# Visual Studio Version 17
VisualStudioVersion = 17.7.34221.43
MinimumVisualStudioVersion = 10.0.40219.1
Project("{9A19103F-16F7-4668-BE54-9A1E7A4F7556}") = "Skladiste", "Skladiste\Skladiste.csproj", "{55A5FB8E-AC38-476D-8FA6-E17FC2F7C774}"
EndProject
Project("{FAE04EC0-301F-11D3-BF4B-00C04F79EFBC}") = "AplSkladiste", "AplSkladiste\AplSkladiste.csproj", "{0280070E-BF22-4C86-98E5-485F89752BBE}"
EndProject
Global
	GlobalSection(SolutionConfigurationPlatforms) = preSolution
		Debug|Any CPU = Debug|Any CPU
		Release|Any CPU = Release|Any CPU
	EndGlobalSection
	GlobalSection(ProjectConfigurationPlatforms) = postSolution
		{55A5FB8E-AC38-476D-8FA6-E17FC2F7C774}.Debug|Any CPU.ActiveCfg = Debug|Any CPU
		{55A5FB8E-AC38-476D-8FA6-E17FC2F7C774}.Debug|Any CPU.Build.0 = Debug|Any CPU
		{55A5FB8E-AC38-476D-8FA6-E17FC2F7C774}.Release|Any CPU.ActiveCfg = Release|Any CPU
		{55A5FB8E-AC38-476D-8FA6-E17FC2F7C774}.Release|Any CPU.Build.0 = Release|Any CPU
		{0280070E-BF22-4C86-98E5-485F89752BBE}.Debug|Any CPU.ActiveCfg = Debug|Any CPU
		{0280070E-BF22-4C86-98E5-485F89752BBE}.Debug|Any CPU.Build.0 = Debug|Any CPU
		{0280070E-BF22-4C86-98E5-485F89752BBE}.Release|Any CPU.ActiveCfg = Release|Any CPU
		{0280070E-BF22-4C86-98E5-485F89752BBE}.Release|Any CPU.Build.0 = Release|Any CPU
	EndGlobalSection
	GlobalSection(SolutionProperties) = preSolution
		HideSolutionNode = FALSE
	EndGlobalSection
	GlobalSection(ExtensibilityGlobals) = postSolution
		SolutionGuid = {C7620262-B499-4C60-A5B7-C5AE25D87680}
	EndGlobalSection
EndGlobal
